
Microsoft Visual Studio Solution File, Format Version 12.00
# Visual Studio 2013
VisualStudioVersion = 12.0.21005.1
MinimumVisualStudioVersion = 10.0.40219.1
Project("{FAE04EC0-301F-11D3-BF4B-00C04F79EFBC}") = "Player", "Player\Player.csproj", "{58B3BDDB-CCBB-47C3-8FBF-7D6ED20685CA}"
EndProject
Project("{FAE04EC0-301F-11D3-BF4B-00C04F79EFBC}") = "Coordinator", "Coordinator\Coordinator.csproj", "{864A2011-5A95-435D-BB8E-025C82F1542E}"
EndProject
Project("{FAE04EC0-301F-11D3-BF4B-00C04F79EFBC}") = "Network", "Network\Network.csproj", "{0F83E9D8-20C1-4660-A732-EF9211F3F1CE}"
EndProject
Project("{FAE04EC0-301F-11D3-BF4B-00C04F79EFBC}") = "Utility", "Utility\Utility.csproj", "{C4D9761E-318F-425C-BB76-A83D476C2E6B}"
EndProject
Project("{FAE04EC0-301F-11D3-BF4B-00C04F79EFBC}") = "SharedLogic", "SharedLogic\SharedLogic.csproj", "{CCAC50F3-B4D3-4546-9795-8049DFBEE4CD}"
EndProject
Project("{FAE04EC0-301F-11D3-BF4B-00C04F79EFBC}") = "Signals", "Signals\Signals.csproj", "{6DBBD8B5-5523-49A3-91B4-D94F6DBB7C5C}"
EndProject
Global
	GlobalSection(SubversionScc) = preSolution
		Svn-Managed = True
		Manager = AnkhSVN - Subversion Support for Visual Studio
	EndGlobalSection
	GlobalSection(SolutionConfigurationPlatforms) = preSolution
		Debug|Any CPU = Debug|Any CPU
		Release|Any CPU = Release|Any CPU
	EndGlobalSection
	GlobalSection(ProjectConfigurationPlatforms) = postSolution
		{58B3BDDB-CCBB-47C3-8FBF-7D6ED20685CA}.Debug|Any CPU.ActiveCfg = Debug|Any CPU
		{58B3BDDB-CCBB-47C3-8FBF-7D6ED20685CA}.Debug|Any CPU.Build.0 = Debug|Any CPU
		{58B3BDDB-CCBB-47C3-8FBF-7D6ED20685CA}.Release|Any CPU.ActiveCfg = Release|Any CPU
		{58B3BDDB-CCBB-47C3-8FBF-7D6ED20685CA}.Release|Any CPU.Build.0 = Release|Any CPU
		{864A2011-5A95-435D-BB8E-025C82F1542E}.Debug|Any CPU.ActiveCfg = Debug|Any CPU
		{864A2011-5A95-435D-BB8E-025C82F1542E}.Debug|Any CPU.Build.0 = Debug|Any CPU
		{864A2011-5A95-435D-BB8E-025C82F1542E}.Release|Any CPU.ActiveCfg = Release|Any CPU
		{864A2011-5A95-435D-BB8E-025C82F1542E}.Release|Any CPU.Build.0 = Release|Any CPU
		{0F83E9D8-20C1-4660-A732-EF9211F3F1CE}.Debug|Any CPU.ActiveCfg = Debug|Any CPU
		{0F83E9D8-20C1-4660-A732-EF9211F3F1CE}.Debug|Any CPU.Build.0 = Debug|Any CPU
		{0F83E9D8-20C1-4660-A732-EF9211F3F1CE}.Release|Any CPU.ActiveCfg = Release|Any CPU
		{0F83E9D8-20C1-4660-A732-EF9211F3F1CE}.Release|Any CPU.Build.0 = Release|Any CPU
		{C4D9761E-318F-425C-BB76-A83D476C2E6B}.Debug|Any CPU.ActiveCfg = Debug|Any CPU
		{C4D9761E-318F-425C-BB76-A83D476C2E6B}.Debug|Any CPU.Build.0 = Debug|Any CPU
		{C4D9761E-318F-425C-BB76-A83D476C2E6B}.Release|Any CPU.ActiveCfg = Release|Any CPU
		{C4D9761E-318F-425C-BB76-A83D476C2E6B}.Release|Any CPU.Build.0 = Release|Any CPU
		{CCAC50F3-B4D3-4546-9795-8049DFBEE4CD}.Debug|Any CPU.ActiveCfg = Debug|Any CPU
		{CCAC50F3-B4D3-4546-9795-8049DFBEE4CD}.Debug|Any CPU.Build.0 = Debug|Any CPU
		{CCAC50F3-B4D3-4546-9795-8049DFBEE4CD}.Release|Any CPU.ActiveCfg = Release|Any CPU
		{CCAC50F3-B4D3-4546-9795-8049DFBEE4CD}.Release|Any CPU.Build.0 = Release|Any CPU
		{6DBBD8B5-5523-49A3-91B4-D94F6DBB7C5C}.Debug|Any CPU.ActiveCfg = Debug|Any CPU
		{6DBBD8B5-5523-49A3-91B4-D94F6DBB7C5C}.Debug|Any CPU.Build.0 = Debug|Any CPU
		{6DBBD8B5-5523-49A3-91B4-D94F6DBB7C5C}.Release|Any CPU.ActiveCfg = Release|Any CPU
		{6DBBD8B5-5523-49A3-91B4-D94F6DBB7C5C}.Release|Any CPU.Build.0 = Release|Any CPU
	EndGlobalSection
	GlobalSection(SolutionProperties) = preSolution
		HideSolutionNode = FALSE
	EndGlobalSection
EndGlobal
